{
  "requires": true,
  "lockfileVersion": 1,
  "dependencies": {
    "@orange-games/phaser-input": {
      "version": "2.0.5",
      "resolved": "https://registry.npmjs.org/@orange-games/phaser-input/-/phaser-input-2.0.5.tgz",
      "integrity": "sha1-jrLZh8j+3hhcgCQ5UpDFBvc2j8g=",
      "dev": true
    },
    "phaser-ce": {
      "version": "2.10.3",
      "resolved": "https://registry.npmjs.org/phaser-ce/-/phaser-ce-2.10.3.tgz",
      "integrity": "sha1-NcxM98vlvsE5gbDx6nWaVLoAVjE="
    }
  }
}
